
Microsoft Visual Studio Solution File, Format Version 12.00
# Visual Studio Version 16
VisualStudioVersion = 16.0.810.11
MinimumVisualStudioVersion = 10.0.40219.1
Project("{2150E333-8FDC-42A3-9474-1A3956D46DE8}") = "exercicios_fixacao", "exercicios_fixacao", "{92BA37EE-5D78-4567-87D1-F3E8F84958F1}"
EndProject
Project("{2150E333-8FDC-42A3-9474-1A3956D46DE8}") = "exercicios_proposto", "exercicios_proposto", "{E5BD7DDC-3034-485D-BED3-E8F65FE20842}"
EndProject
Project("{2150E333-8FDC-42A3-9474-1A3956D46DE8}") = "exec_estrutura_condicional", "exec_estrutura_condicional", "{6428364B-89B8-46BA-A212-C0E58B417272}"
EndProject
Project("{2150E333-8FDC-42A3-9474-1A3956D46DE8}") = "exec_estrutura_sequencial", "exec_estrutura_sequencial", "{3984DE77-0391-4244-8DB8-947A5FB99A51}"
EndProject
Project("{FAE04EC0-301F-11D3-BF4B-00C04F79EFBC}") = "exec_fix_1", "exercicios_fixacao\exec_fix_1\exec_fix_1.csproj", "{2A62C260-6C8A-4B1E-BB54-7E3D21FDFE2E}"
EndProject
Project("{FAE04EC0-301F-11D3-BF4B-00C04F79EFBC}") = "exec_fix_2", "exercicios_fixacao\exec_fix_2\exec_fix_2.csproj", "{3D47E3DE-43F0-4E34-AD96-6D28220EA25D}"
EndProject
Project("{FAE04EC0-301F-11D3-BF4B-00C04F79EFBC}") = "exec_seq_prop_1", "exercicios_proposto\exec_estrutura_sequencial\exec_seq_prop_1\exec_seq_prop_1.csproj", "{A5723C25-5695-4A25-8240-268326A4F12E}"
EndProject
Project("{FAE04EC0-301F-11D3-BF4B-00C04F79EFBC}") = "exec_seq_prop_2", "exercicios_proposto\exec_estrutura_sequencial\exec_seq_prop_2\exec_seq_prop_2.csproj", "{B299CEE1-7CCC-4FD7-BA0C-1608AD731C61}"
EndProject
Project("{FAE04EC0-301F-11D3-BF4B-00C04F79EFBC}") = "exec_seq_prop_3", "exercicios_proposto\exec_estrutura_sequencial\exec_seq_prop_3\exec_seq_prop_3.csproj", "{5B3468AA-DF6E-4E82-87A2-4E32211786D9}"
EndProject
Project("{FAE04EC0-301F-11D3-BF4B-00C04F79EFBC}") = "exec_seq_prop_4", "exercicios_proposto\exec_estrutura_sequencial\exec_seq_prop_4\exec_seq_prop_4.csproj", "{10B189C2-38DE-4658-8091-E19F5A336735}"
EndProject
Project("{FAE04EC0-301F-11D3-BF4B-00C04F79EFBC}") = "exec_seq_prop_5", "exercicios_proposto\exec_estrutura_sequencial\exec_seq_prop_5\exec_seq_prop_5.csproj", "{F0859CCC-D675-42D6-AE69-F12CFF872967}"
EndProject
Project("{FAE04EC0-301F-11D3-BF4B-00C04F79EFBC}") = "exec_seq_prop_6", "exercicios_proposto\exec_estrutura_sequencial\exec_seq_prop_6\exec_seq_prop_6.csproj", "{B72B0459-91AA-4234-91CB-BA8462C59FE4}"
EndProject
Project("{FAE04EC0-301F-11D3-BF4B-00C04F79EFBC}") = "exec_cond_prop_1", "exercicios_proposto\exec_estrutura_condicional\exec_cond_prop_1\exec_cond_prop_1.csproj", "{0A038878-14EF-4E55-80AB-8ECE7815A249}"
EndProject
Project("{FAE04EC0-301F-11D3-BF4B-00C04F79EFBC}") = "exec_cond_prop_2", "exercicios_proposto\exec_estrutura_condicional\exec_cond_prop_2\exec_cond_prop_2.csproj", "{FA16F0A3-3F57-4E3E-8444-F28DF6508B7D}"
EndProject
Project("{FAE04EC0-301F-11D3-BF4B-00C04F79EFBC}") = "exec_cond_prop_3", "exercicios_proposto\exec_estrutura_condicional\exec_cond_prop_3\exec_cond_prop_3.csproj", "{55985F1D-3578-41E1-A555-EB2A7A2F267C}"
EndProject
Project("{FAE04EC0-301F-11D3-BF4B-00C04F79EFBC}") = "exec_cond_prop_4", "exercicios_proposto\exec_estrutura_condicional\exec_cond_prop_4\exec_cond_prop_4.csproj", "{8F9FF7BD-6046-4EC8-BDB8-B85C343B37AC}"
EndProject
Project("{FAE04EC0-301F-11D3-BF4B-00C04F79EFBC}") = "exec_cond_prop_5", "exercicios_proposto\exec_estrutura_condicional\exec_cond_prop_5\exec_cond_prop_5.csproj", "{905AB1C7-5F13-480D-B78B-076C77605A54}"
EndProject
Project("{FAE04EC0-301F-11D3-BF4B-00C04F79EFBC}") = "exec_cond_prop_6", "exercicios_proposto\exec_estrutura_condicional\exec_cond_prop_6\exec_cond_prop_6.csproj", "{17E6FDF5-7521-4949-ACED-E9E3FDD7D07E}"
EndProject
Project("{FAE04EC0-301F-11D3-BF4B-00C04F79EFBC}") = "exec_cond_prop_7", "exercicios_proposto\exec_estrutura_condicional\exec_cond_prop_7\exec_cond_prop_7.csproj", "{25AF7A9A-50F4-40B1-90C4-8CCF24F73D8B}"
EndProject
Project("{FAE04EC0-301F-11D3-BF4B-00C04F79EFBC}") = "exec_cond_prop_8", "exercicios_proposto\exec_estrutura_condicional\exec_cond_prop_8\exec_cond_prop_8.csproj", "{63F89D7E-6E72-4190-9278-E408EDE3FA83}"
EndProject
Project("{2150E333-8FDC-42A3-9474-1A3956D46DE8}") = "exec_estrutura_while", "exec_estrutura_while", "{8FE10C02-5C5C-40D0-8BE7-CFD096FA411F}"
EndProject
Project("{2150E333-8FDC-42A3-9474-1A3956D46DE8}") = "exec_estrutura_for", "exec_estrutura_for", "{678B97EE-509C-46ED-A819-89C9A6E4BD78}"
EndProject
Project("{FAE04EC0-301F-11D3-BF4B-00C04F79EFBC}") = "exec_for_prop_1", "exercicios_proposto\exec_estrutura_for\exec_for_prop_1\exec_for_prop_1\exec_for_prop_1.csproj", "{D353B3D6-3F22-4BF0-B429-69551AE30B8C}"
EndProject
Project("{FAE04EC0-301F-11D3-BF4B-00C04F79EFBC}") = "exec_for_prop_2", "exercicios_proposto\exec_estrutura_for\exec_for_prop_2\exec_for_prop_2\exec_for_prop_2.csproj", "{CBF8CD2C-B6D9-4D50-9DC5-64AE32F97A16}"
EndProject
Project("{FAE04EC0-301F-11D3-BF4B-00C04F79EFBC}") = "exec_for_prop_3", "exercicios_proposto\exec_estrutura_for\exec_for_prop_3\exec_for_prop_3\exec_for_prop_3.csproj", "{9601D1A6-EE09-4AB6-85FC-B609867AAA6C}"
EndProject
Project("{FAE04EC0-301F-11D3-BF4B-00C04F79EFBC}") = "exec_while_prop_1", "exercicios_proposto\exec_estrutura_while\exec_while_prop_1\exec_while_prop_1\exec_while_prop_1.csproj", "{828ACD5D-3E01-4736-BDB4-EF4CEE9BB343}"
EndProject
Project("{FAE04EC0-301F-11D3-BF4B-00C04F79EFBC}") = "exec_while_prop_2", "exercicios_proposto\exec_estrutura_while\exec_while_prop_2\exec_while_prop_2\exec_while_prop_2.csproj", "{06D0A290-EC5D-4F23-8FBD-30FEFE6049D2}"
EndProject
Project("{FAE04EC0-301F-11D3-BF4B-00C04F79EFBC}") = "exec_while_prop_3", "exercicios_proposto\exec_estrutura_while\exec_while_prop_3\exec_while_prop_3\exec_while_prop_3.csproj", "{C1EF6694-5EBB-4267-BCF3-720E34F13221}"
EndProject
Project("{FAE04EC0-301F-11D3-BF4B-00C04F79EFBC}") = "exec_for_prop_4", "exercicios_proposto\exec_estrutura_for\exec_for_prop_4\exec_for_prop_4\exec_for_prop_4.csproj", "{9B8CF206-8FA5-411D-BABB-5FFE24299AE6}"
EndProject
Project("{FAE04EC0-301F-11D3-BF4B-00C04F79EFBC}") = "exec_for_prop_5", "exercicios_proposto\exec_estrutura_for\exec_for_prop_5\exec_for_prop_5\exec_for_prop_5.csproj", "{D60E0A25-D182-4A5F-9E51-051E86CE11A7}"
EndProject
Project("{FAE04EC0-301F-11D3-BF4B-00C04F79EFBC}") = "exec_for_prop_6", "exercicios_proposto\exec_estrutura_for\exec_for_prop_6\exec_for_prop_6\exec_for_prop_6.csproj", "{1DE7C99D-FC39-4534-8E4F-C8246072350F}"
EndProject
Project("{FAE04EC0-301F-11D3-BF4B-00C04F79EFBC}") = "exec_for_prop_7", "exercicios_proposto\exec_estrutura_for\exec_for_prop_7\exec_for_prop_7\exec_for_prop_7.csproj", "{58DA6521-52D6-4B38-88F1-C61FF2D2F173}"
EndProject
Project("{2150E333-8FDC-42A3-9474-1A3956D46DE8}") = "primeiros_exercicios", "primeiros_exercicios", "{823447C7-C11C-4405-A6DE-1FAB4A42FF06}"
EndProject
Project("{FAE04EC0-301F-11D3-BF4B-00C04F79EFBC}") = "prim_exec_1", "primeiros_exercicios\prim_exec_1\prim_exec_1\prim_exec_1.csproj", "{2D230454-D0A1-4F11-9648-505A589DE4B6}"
EndProject
Project("{FAE04EC0-301F-11D3-BF4B-00C04F79EFBC}") = "prim_exec_2", "primeiros_exercicios\prim_exec_2\prim_exec_2\prim_exec_2.csproj", "{31ADE62C-C786-4634-948D-99F76B3C10EA}"
EndProject
Global
	GlobalSection(SolutionConfigurationPlatforms) = preSolution
		Debug|anycpu = Debug|anycpu
		Release|anycpu = Release|anycpu
	EndGlobalSection
	GlobalSection(ProjectConfigurationPlatforms) = postSolution
		{2A62C260-6C8A-4B1E-BB54-7E3D21FDFE2E}.Debug|anycpu.ActiveCfg = Debug|anycpu
		{2A62C260-6C8A-4B1E-BB54-7E3D21FDFE2E}.Debug|anycpu.Build.0 = Debug|anycpu
		{2A62C260-6C8A-4B1E-BB54-7E3D21FDFE2E}.Release|anycpu.ActiveCfg = Release|anycpu
		{2A62C260-6C8A-4B1E-BB54-7E3D21FDFE2E}.Release|anycpu.Build.0 = Release|anycpu
		{3D47E3DE-43F0-4E34-AD96-6D28220EA25D}.Debug|anycpu.ActiveCfg = Debug|anycpu
		{3D47E3DE-43F0-4E34-AD96-6D28220EA25D}.Debug|anycpu.Build.0 = Debug|anycpu
		{3D47E3DE-43F0-4E34-AD96-6D28220EA25D}.Release|anycpu.ActiveCfg = Release|anycpu
		{3D47E3DE-43F0-4E34-AD96-6D28220EA25D}.Release|anycpu.Build.0 = Release|anycpu
		{A5723C25-5695-4A25-8240-268326A4F12E}.Debug|anycpu.ActiveCfg = Debug|anycpu
		{A5723C25-5695-4A25-8240-268326A4F12E}.Debug|anycpu.Build.0 = Debug|anycpu
		{A5723C25-5695-4A25-8240-268326A4F12E}.Release|anycpu.ActiveCfg = Release|anycpu
		{A5723C25-5695-4A25-8240-268326A4F12E}.Release|anycpu.Build.0 = Release|anycpu
		{B299CEE1-7CCC-4FD7-BA0C-1608AD731C61}.Debug|anycpu.ActiveCfg = Debug|anycpu
		{B299CEE1-7CCC-4FD7-BA0C-1608AD731C61}.Debug|anycpu.Build.0 = Debug|anycpu
		{B299CEE1-7CCC-4FD7-BA0C-1608AD731C61}.Release|anycpu.ActiveCfg = Release|anycpu
		{B299CEE1-7CCC-4FD7-BA0C-1608AD731C61}.Release|anycpu.Build.0 = Release|anycpu
		{5B3468AA-DF6E-4E82-87A2-4E32211786D9}.Debug|anycpu.ActiveCfg = Debug|anycpu
		{5B3468AA-DF6E-4E82-87A2-4E32211786D9}.Debug|anycpu.Build.0 = Debug|anycpu
		{5B3468AA-DF6E-4E82-87A2-4E32211786D9}.Release|anycpu.ActiveCfg = Release|anycpu
		{5B3468AA-DF6E-4E82-87A2-4E32211786D9}.Release|anycpu.Build.0 = Release|anycpu
		{10B189C2-38DE-4658-8091-E19F5A336735}.Debug|anycpu.ActiveCfg = Debug|anycpu
		{10B189C2-38DE-4658-8091-E19F5A336735}.Debug|anycpu.Build.0 = Debug|anycpu
		{10B189C2-38DE-4658-8091-E19F5A336735}.Release|anycpu.ActiveCfg = Release|anycpu
		{10B189C2-38DE-4658-8091-E19F5A336735}.Release|anycpu.Build.0 = Release|anycpu
		{F0859CCC-D675-42D6-AE69-F12CFF872967}.Debug|anycpu.ActiveCfg = Debug|anycpu
		{F0859CCC-D675-42D6-AE69-F12CFF872967}.Debug|anycpu.Build.0 = Debug|anycpu
		{F0859CCC-D675-42D6-AE69-F12CFF872967}.Release|anycpu.ActiveCfg = Release|anycpu
		{F0859CCC-D675-42D6-AE69-F12CFF872967}.Release|anycpu.Build.0 = Release|anycpu
		{B72B0459-91AA-4234-91CB-BA8462C59FE4}.Debug|anycpu.ActiveCfg = Debug|anycpu
		{B72B0459-91AA-4234-91CB-BA8462C59FE4}.Debug|anycpu.Build.0 = Debug|anycpu
		{B72B0459-91AA-4234-91CB-BA8462C59FE4}.Release|anycpu.ActiveCfg = Release|anycpu
		{B72B0459-91AA-4234-91CB-BA8462C59FE4}.Release|anycpu.Build.0 = Release|anycpu
		{0A038878-14EF-4E55-80AB-8ECE7815A249}.Debug|anycpu.ActiveCfg = Debug|anycpu
		{0A038878-14EF-4E55-80AB-8ECE7815A249}.Debug|anycpu.Build.0 = Debug|anycpu
		{0A038878-14EF-4E55-80AB-8ECE7815A249}.Release|anycpu.ActiveCfg = Release|anycpu
		{0A038878-14EF-4E55-80AB-8ECE7815A249}.Release|anycpu.Build.0 = Release|anycpu
		{FA16F0A3-3F57-4E3E-8444-F28DF6508B7D}.Debug|anycpu.ActiveCfg = Debug|anycpu
		{FA16F0A3-3F57-4E3E-8444-F28DF6508B7D}.Debug|anycpu.Build.0 = Debug|anycpu
		{FA16F0A3-3F57-4E3E-8444-F28DF6508B7D}.Release|anycpu.ActiveCfg = Release|anycpu
		{FA16F0A3-3F57-4E3E-8444-F28DF6508B7D}.Release|anycpu.Build.0 = Release|anycpu
		{55985F1D-3578-41E1-A555-EB2A7A2F267C}.Debug|anycpu.ActiveCfg = Debug|anycpu
		{55985F1D-3578-41E1-A555-EB2A7A2F267C}.Debug|anycpu.Build.0 = Debug|anycpu
		{55985F1D-3578-41E1-A555-EB2A7A2F267C}.Release|anycpu.ActiveCfg = Release|anycpu
		{55985F1D-3578-41E1-A555-EB2A7A2F267C}.Release|anycpu.Build.0 = Release|anycpu
		{8F9FF7BD-6046-4EC8-BDB8-B85C343B37AC}.Debug|anycpu.ActiveCfg = Debug|anycpu
		{8F9FF7BD-6046-4EC8-BDB8-B85C343B37AC}.Debug|anycpu.Build.0 = Debug|anycpu
		{8F9FF7BD-6046-4EC8-BDB8-B85C343B37AC}.Release|anycpu.ActiveCfg = Release|anycpu
		{8F9FF7BD-6046-4EC8-BDB8-B85C343B37AC}.Release|anycpu.Build.0 = Release|anycpu
		{905AB1C7-5F13-480D-B78B-076C77605A54}.Debug|anycpu.ActiveCfg = Debug|anycpu
		{905AB1C7-5F13-480D-B78B-076C77605A54}.Debug|anycpu.Build.0 = Debug|anycpu
		{905AB1C7-5F13-480D-B78B-076C77605A54}.Release|anycpu.ActiveCfg = Release|anycpu
		{905AB1C7-5F13-480D-B78B-076C77605A54}.Release|anycpu.Build.0 = Release|anycpu
		{17E6FDF5-7521-4949-ACED-E9E3FDD7D07E}.Debug|anycpu.ActiveCfg = Debug|anycpu
		{17E6FDF5-7521-4949-ACED-E9E3FDD7D07E}.Debug|anycpu.Build.0 = Debug|anycpu
		{17E6FDF5-7521-4949-ACED-E9E3FDD7D07E}.Release|anycpu.ActiveCfg = Release|anycpu
		{17E6FDF5-7521-4949-ACED-E9E3FDD7D07E}.Release|anycpu.Build.0 = Release|anycpu
		{25AF7A9A-50F4-40B1-90C4-8CCF24F73D8B}.Debug|anycpu.ActiveCfg = Debug|anycpu
		{25AF7A9A-50F4-40B1-90C4-8CCF24F73D8B}.Debug|anycpu.Build.0 = Debug|anycpu
		{25AF7A9A-50F4-40B1-90C4-8CCF24F73D8B}.Release|anycpu.ActiveCfg = Release|anycpu
		{25AF7A9A-50F4-40B1-90C4-8CCF24F73D8B}.Release|anycpu.Build.0 = Release|anycpu
		{63F89D7E-6E72-4190-9278-E408EDE3FA83}.Debug|anycpu.ActiveCfg = Debug|anycpu
		{63F89D7E-6E72-4190-9278-E408EDE3FA83}.Debug|anycpu.Build.0 = Debug|anycpu
		{63F89D7E-6E72-4190-9278-E408EDE3FA83}.Release|anycpu.ActiveCfg = Release|anycpu
		{63F89D7E-6E72-4190-9278-E408EDE3FA83}.Release|anycpu.Build.0 = Release|anycpu
		{D353B3D6-3F22-4BF0-B429-69551AE30B8C}.Debug|anycpu.ActiveCfg = Debug|anycpu
		{D353B3D6-3F22-4BF0-B429-69551AE30B8C}.Debug|anycpu.Build.0 = Debug|anycpu
		{D353B3D6-3F22-4BF0-B429-69551AE30B8C}.Release|anycpu.ActiveCfg = Release|anycpu
		{D353B3D6-3F22-4BF0-B429-69551AE30B8C}.Release|anycpu.Build.0 = Release|anycpu
		{CBF8CD2C-B6D9-4D50-9DC5-64AE32F97A16}.Debug|anycpu.ActiveCfg = Debug|anycpu
		{CBF8CD2C-B6D9-4D50-9DC5-64AE32F97A16}.Debug|anycpu.Build.0 = Debug|anycpu
		{CBF8CD2C-B6D9-4D50-9DC5-64AE32F97A16}.Release|anycpu.ActiveCfg = Release|anycpu
		{CBF8CD2C-B6D9-4D50-9DC5-64AE32F97A16}.Release|anycpu.Build.0 = Release|anycpu
		{9601D1A6-EE09-4AB6-85FC-B609867AAA6C}.Debug|anycpu.ActiveCfg = Debug|anycpu
		{9601D1A6-EE09-4AB6-85FC-B609867AAA6C}.Debug|anycpu.Build.0 = Debug|anycpu
		{9601D1A6-EE09-4AB6-85FC-B609867AAA6C}.Release|anycpu.ActiveCfg = Release|anycpu
		{9601D1A6-EE09-4AB6-85FC-B609867AAA6C}.Release|anycpu.Build.0 = Release|anycpu
		{828ACD5D-3E01-4736-BDB4-EF4CEE9BB343}.Debug|anycpu.ActiveCfg = Debug|anycpu
		{828ACD5D-3E01-4736-BDB4-EF4CEE9BB343}.Debug|anycpu.Build.0 = Debug|anycpu
		{828ACD5D-3E01-4736-BDB4-EF4CEE9BB343}.Release|anycpu.ActiveCfg = Release|anycpu
		{828ACD5D-3E01-4736-BDB4-EF4CEE9BB343}.Release|anycpu.Build.0 = Release|anycpu
		{06D0A290-EC5D-4F23-8FBD-30FEFE6049D2}.Debug|anycpu.ActiveCfg = Debug|anycpu
		{06D0A290-EC5D-4F23-8FBD-30FEFE6049D2}.Debug|anycpu.Build.0 = Debug|anycpu
		{06D0A290-EC5D-4F23-8FBD-30FEFE6049D2}.Release|anycpu.ActiveCfg = Release|anycpu
		{06D0A290-EC5D-4F23-8FBD-30FEFE6049D2}.Release|anycpu.Build.0 = Release|anycpu
		{C1EF6694-5EBB-4267-BCF3-720E34F13221}.Debug|anycpu.ActiveCfg = Debug|anycpu
		{C1EF6694-5EBB-4267-BCF3-720E34F13221}.Debug|anycpu.Build.0 = Debug|anycpu
		{C1EF6694-5EBB-4267-BCF3-720E34F13221}.Release|anycpu.ActiveCfg = Release|anycpu
		{C1EF6694-5EBB-4267-BCF3-720E34F13221}.Release|anycpu.Build.0 = Release|anycpu
		{9B8CF206-8FA5-411D-BABB-5FFE24299AE6}.Debug|anycpu.ActiveCfg = Debug|anycpu
		{9B8CF206-8FA5-411D-BABB-5FFE24299AE6}.Debug|anycpu.Build.0 = Debug|anycpu
		{9B8CF206-8FA5-411D-BABB-5FFE24299AE6}.Release|anycpu.ActiveCfg = Release|anycpu
		{9B8CF206-8FA5-411D-BABB-5FFE24299AE6}.Release|anycpu.Build.0 = Release|anycpu
		{D60E0A25-D182-4A5F-9E51-051E86CE11A7}.Debug|anycpu.ActiveCfg = Debug|anycpu
		{D60E0A25-D182-4A5F-9E51-051E86CE11A7}.Debug|anycpu.Build.0 = Debug|anycpu
		{D60E0A25-D182-4A5F-9E51-051E86CE11A7}.Release|anycpu.ActiveCfg = Release|anycpu
		{D60E0A25-D182-4A5F-9E51-051E86CE11A7}.Release|anycpu.Build.0 = Release|anycpu
		{1DE7C99D-FC39-4534-8E4F-C8246072350F}.Debug|anycpu.ActiveCfg = Debug|anycpu
		{1DE7C99D-FC39-4534-8E4F-C8246072350F}.Debug|anycpu.Build.0 = Debug|anycpu
		{1DE7C99D-FC39-4534-8E4F-C8246072350F}.Release|anycpu.ActiveCfg = Release|anycpu
		{1DE7C99D-FC39-4534-8E4F-C8246072350F}.Release|anycpu.Build.0 = Release|anycpu
		{58DA6521-52D6-4B38-88F1-C61FF2D2F173}.Debug|anycpu.ActiveCfg = Debug|anycpu
		{58DA6521-52D6-4B38-88F1-C61FF2D2F173}.Debug|anycpu.Build.0 = Debug|anycpu
		{58DA6521-52D6-4B38-88F1-C61FF2D2F173}.Release|anycpu.ActiveCfg = Release|anycpu
		{58DA6521-52D6-4B38-88F1-C61FF2D2F173}.Release|anycpu.Build.0 = Release|anycpu
		{2D230454-D0A1-4F11-9648-505A589DE4B6}.Debug|anycpu.ActiveCfg = Debug|anycpu
		{2D230454-D0A1-4F11-9648-505A589DE4B6}.Debug|anycpu.Build.0 = Debug|anycpu
		{2D230454-D0A1-4F11-9648-505A589DE4B6}.Release|anycpu.ActiveCfg = Release|anycpu
		{2D230454-D0A1-4F11-9648-505A589DE4B6}.Release|anycpu.Build.0 = Release|anycpu
		{31ADE62C-C786-4634-948D-99F76B3C10EA}.Debug|anycpu.ActiveCfg = Debug|anycpu
		{31ADE62C-C786-4634-948D-99F76B3C10EA}.Debug|anycpu.Build.0 = Debug|anycpu
		{31ADE62C-C786-4634-948D-99F76B3C10EA}.Release|anycpu.ActiveCfg = Release|anycpu
		{31ADE62C-C786-4634-948D-99F76B3C10EA}.Release|anycpu.Build.0 = Release|anycpu
	EndGlobalSection
	GlobalSection(SolutionProperties) = preSolution
		HideSolutionNode = FALSE
	EndGlobalSection
	GlobalSection(ExtensibilityGlobals) = postSolution
		SolutionGuid = {01C31A60-0898-4D59-9EFB-F5B0FD79DE56}
	EndGlobalSection
	GlobalSection(NestedProjects) = preSolution
		{6428364B-89B8-46BA-A212-C0E58B417272} = {E5BD7DDC-3034-485D-BED3-E8F65FE20842}
		{3984DE77-0391-4244-8DB8-947A5FB99A51} = {E5BD7DDC-3034-485D-BED3-E8F65FE20842}
		{2A62C260-6C8A-4B1E-BB54-7E3D21FDFE2E} = {92BA37EE-5D78-4567-87D1-F3E8F84958F1}
		{3D47E3DE-43F0-4E34-AD96-6D28220EA25D} = {92BA37EE-5D78-4567-87D1-F3E8F84958F1}
		{A5723C25-5695-4A25-8240-268326A4F12E} = {3984DE77-0391-4244-8DB8-947A5FB99A51}
		{B299CEE1-7CCC-4FD7-BA0C-1608AD731C61} = {3984DE77-0391-4244-8DB8-947A5FB99A51}
		{5B3468AA-DF6E-4E82-87A2-4E32211786D9} = {3984DE77-0391-4244-8DB8-947A5FB99A51}
		{10B189C2-38DE-4658-8091-E19F5A336735} = {3984DE77-0391-4244-8DB8-947A5FB99A51}
		{F0859CCC-D675-42D6-AE69-F12CFF872967} = {3984DE77-0391-4244-8DB8-947A5FB99A51}
		{B72B0459-91AA-4234-91CB-BA8462C59FE4} = {3984DE77-0391-4244-8DB8-947A5FB99A51}
		{0A038878-14EF-4E55-80AB-8ECE7815A249} = {6428364B-89B8-46BA-A212-C0E58B417272}
		{FA16F0A3-3F57-4E3E-8444-F28DF6508B7D} = {6428364B-89B8-46BA-A212-C0E58B417272}
		{55985F1D-3578-41E1-A555-EB2A7A2F267C} = {6428364B-89B8-46BA-A212-C0E58B417272}
		{8F9FF7BD-6046-4EC8-BDB8-B85C343B37AC} = {6428364B-89B8-46BA-A212-C0E58B417272}
		{905AB1C7-5F13-480D-B78B-076C77605A54} = {6428364B-89B8-46BA-A212-C0E58B417272}
		{17E6FDF5-7521-4949-ACED-E9E3FDD7D07E} = {6428364B-89B8-46BA-A212-C0E58B417272}
		{25AF7A9A-50F4-40B1-90C4-8CCF24F73D8B} = {6428364B-89B8-46BA-A212-C0E58B417272}
		{63F89D7E-6E72-4190-9278-E408EDE3FA83} = {6428364B-89B8-46BA-A212-C0E58B417272}
		{8FE10C02-5C5C-40D0-8BE7-CFD096FA411F} = {E5BD7DDC-3034-485D-BED3-E8F65FE20842}
		{678B97EE-509C-46ED-A819-89C9A6E4BD78} = {E5BD7DDC-3034-485D-BED3-E8F65FE20842}
		{D353B3D6-3F22-4BF0-B429-69551AE30B8C} = {678B97EE-509C-46ED-A819-89C9A6E4BD78}
		{CBF8CD2C-B6D9-4D50-9DC5-64AE32F97A16} = {678B97EE-509C-46ED-A819-89C9A6E4BD78}
		{9601D1A6-EE09-4AB6-85FC-B609867AAA6C} = {678B97EE-509C-46ED-A819-89C9A6E4BD78}
		{828ACD5D-3E01-4736-BDB4-EF4CEE9BB343} = {8FE10C02-5C5C-40D0-8BE7-CFD096FA411F}
		{06D0A290-EC5D-4F23-8FBD-30FEFE6049D2} = {8FE10C02-5C5C-40D0-8BE7-CFD096FA411F}
		{C1EF6694-5EBB-4267-BCF3-720E34F13221} = {8FE10C02-5C5C-40D0-8BE7-CFD096FA411F}
		{9B8CF206-8FA5-411D-BABB-5FFE24299AE6} = {678B97EE-509C-46ED-A819-89C9A6E4BD78}
		{D60E0A25-D182-4A5F-9E51-051E86CE11A7} = {678B97EE-509C-46ED-A819-89C9A6E4BD78}
		{1DE7C99D-FC39-4534-8E4F-C8246072350F} = {678B97EE-509C-46ED-A819-89C9A6E4BD78}
		{58DA6521-52D6-4B38-88F1-C61FF2D2F173} = {678B97EE-509C-46ED-A819-89C9A6E4BD78}
		{2D230454-D0A1-4F11-9648-505A589DE4B6} = {823447C7-C11C-4405-A6DE-1FAB4A42FF06}
		{31ADE62C-C786-4634-948D-99F76B3C10EA} = {823447C7-C11C-4405-A6DE-1FAB4A42FF06}
	EndGlobalSection
EndGlobal
